# This file was autogenerated by Stack.
# You should not edit this file by hand.
# For more information, please see the documentation at:
#   https://docs.haskellstack.org/en/stable/lock_files

packages:
- completed:
    name: pyrelude
    version: 0.1.0.0
    git: https://github.com/theGhostJW/pyrelude
    pantry-tree:
      size: 2414
      sha256: 4855ab35582b451e50146542a566405687e7bf95af15ebb6b527e9e0a0eb73c2
    commit: fd74a1a0e2216e8ebd96fa98678e20526ce580e0
  original:
    git: https://github.com/theGhostJW/pyrelude
    commit: fd74a1a0e2216e8ebd96fa98678e20526ce580e0
- completed:
    hackage: discrimination-0.4@sha256:d42ae36c97ea9c0c8844b47ee162c5530f3daf708636f01010f58dcf52602876,2571
    pantry-tree:
      size: 923
      sha256: db40bc66d2b3832989ccf5f5dce94a76dbb8a211c855c953475a741e592b904d
  original:
    hackage: discrimination-0.4@sha256:d42ae36c97ea9c0c8844b47ee162c5530f3daf708636f01010f58dcf52602876,2571
- completed:
    hackage: encode-string-0.1.0.0@sha256:b960508cede9547f5af3ade3d07ed79cbdb575ed128fcac1d7cff0a1162260ce,1864
    pantry-tree:
      size: 325
      sha256: 5274956f408e71d9f43b433a19df5f49660f65d1b9bde77f9ab362c8b7e85fe0
  original:
    hackage: encode-string-0.1.0.0@sha256:b960508cede9547f5af3ade3d07ed79cbdb575ed128fcac1d7cff0a1162260ce,1864
- completed:
    hackage: polysemy-1.3.0.0@sha256:fa76e96a883fd1c4bdbad792a0a9d88f59f84817651aea5c71d9b4f74e42c5b6,6141
    pantry-tree:
      size: 4309
      sha256: 3d2fb15ddda9053f6bfd4b0810a79a9542505acb5e7e528856ec3cd86d6df066
  original:
    hackage: polysemy-1.3.0.0@sha256:fa76e96a883fd1c4bdbad792a0a9d88f59f84817651aea5c71d9b4f74e42c5b6,6141
- completed:
    hackage: polysemy-plugin-0.2.5.1@sha256:61c6c0aad2852377aa5d5a8f9639a437905e3a6f0e2a99a41e96fb231dc86836,2952
    pantry-tree:
      size: 1232
      sha256: 9720d9a1675c7ac3e2635b8c9f002f7ab0764eb60738a3405603cb33bdffc493
  original:
    hackage: polysemy-plugin-0.2.5.1@sha256:61c6c0aad2852377aa5d5a8f9639a437905e3a6f0e2a99a41e96fb231dc86836,2952
- completed:
    hackage: transformers-either-0.1.1@sha256:ec3d6fefd90e243b51aecebfc0ebc5db6381c261d473ea2df7ed7b501a8fb961,1501
    pantry-tree:
      size: 317
      sha256: a69c9cbc1d8340c63cc8a9bbd718e13a41869d30a7c84d27be94bbc04ad73a69
  original:
    hackage: transformers-either-0.1.1@sha256:ec3d6fefd90e243b51aecebfc0ebc5db6381c261d473ea2df7ed7b501a8fb961,1501
snapshots:
- completed:
    size: 560073
    url: https://raw.githubusercontent.com/commercialhaskell/stackage-snapshots/master/nightly/2021/1/1.yaml
    sha256: 99d1736dbf5b81edeb19117f2f466fb05f0112d3eaa94c2a6915894b4f58e9fc
  original: nightly-2021-01-01
