# This file was autogenerated by Stack.
# You should not edit this file by hand.
# For more information, please see the documentation at:
#   https://docs.haskellstack.org/en/stable/lock_files

packages:
- completed:
    cabal-file:
      size: 4434
      sha256: 997a1f57ab8e209ac3cde2fb8a074700da1c0ac1e3c8740022abbea145b3225e
    name: pyrelude
    version: 0.1.0.0
    git: https://github.com/theGhostJW/pyrelude
    pantry-tree:
      size: 2254
      sha256: 31e04373c7aef3bea06208f29784ac2d21b6c2c8f20535fde069eb7690f654ec
    commit: df1a7214c3f2cd0d19f3eae1d330fde762f1621c
  original:
    git: https://github.com/theGhostJW/pyrelude
    commit: df1a7214c3f2cd0d19f3eae1d330fde762f1621c
- completed:
    hackage: discrimination-0.4@sha256:ad60cb42d42648ebc6f649ce761fe61cb58eca9e2b17a6b4fe68ed2e1fdd4146,2479
    pantry-tree:
      size: 923
      sha256: ef0f60170a3b47d7482f31fa8ba151209cb34ecc02d2422ef531e9b00d4cee00
  original:
    hackage: discrimination-0.4@sha256:ad60cb42d42648ebc6f649ce761fe61cb58eca9e2b17a6b4fe68ed2e1fdd4146
- completed:
    hackage: encode-string-0.1.0.0@sha256:b960508cede9547f5af3ade3d07ed79cbdb575ed128fcac1d7cff0a1162260ce,1864
    pantry-tree:
      size: 325
      sha256: 5274956f408e71d9f43b433a19df5f49660f65d1b9bde77f9ab362c8b7e85fe0
  original:
    hackage: encode-string-0.1.0.0@sha256:b960508cede9547f5af3ade3d07ed79cbdb575ed128fcac1d7cff0a1162260ce
- completed:
    hackage: transformers-either-0.1.1@sha256:ec3d6fefd90e243b51aecebfc0ebc5db6381c261d473ea2df7ed7b501a8fb961,1501
    pantry-tree:
      size: 317
      sha256: a69c9cbc1d8340c63cc8a9bbd718e13a41869d30a7c84d27be94bbc04ad73a69
  original:
    hackage: transformers-either-0.1.1@sha256:ec3d6fefd90e243b51aecebfc0ebc5db6381c261d473ea2df7ed7b501a8fb961
snapshots:
- completed:
    size: 522772
    url: https://raw.githubusercontent.com/commercialhaskell/stackage-snapshots/master/nightly/2019/7/29.yaml
    sha256: d945ead425b8c8d4b09eb85720d7205a6f621a9700c49683fd819644d56713bc
  original: nightly-2019-07-29
