# This file was autogenerated by Stack.
# You should not edit this file by hand.
# For more information, please see the documentation at:
#   https://docs.haskellstack.org/en/stable/lock_files

packages:
- completed:
    name: pyrelude
    version: 0.1.0.0
    git: https://github.com/theGhostJW/pyrelude
    pantry-tree:
      size: 2368
      sha256: c5addf49ab291d9e19035f497f4ce19fb8bca9efafd775064539ae67bc107c19
    commit: 28a2f9b4b175c6a384edae480c0703c9a9d41011
  original:
    git: https://github.com/theGhostJW/pyrelude
    commit: 28a2f9b4b175c6a384edae480c0703c9a9d41011
- completed:
    hackage: discrimination-0.4@sha256:ad60cb42d42648ebc6f649ce761fe61cb58eca9e2b17a6b4fe68ed2e1fdd4146,2479
    pantry-tree:
      size: 923
      sha256: ef0f60170a3b47d7482f31fa8ba151209cb34ecc02d2422ef531e9b00d4cee00
  original:
    hackage: discrimination-0.4@sha256:ad60cb42d42648ebc6f649ce761fe61cb58eca9e2b17a6b4fe68ed2e1fdd4146
- completed:
    hackage: encode-string-0.1.0.0@sha256:b960508cede9547f5af3ade3d07ed79cbdb575ed128fcac1d7cff0a1162260ce,1864
    pantry-tree:
      size: 325
      sha256: 5274956f408e71d9f43b433a19df5f49660f65d1b9bde77f9ab362c8b7e85fe0
  original:
    hackage: encode-string-0.1.0.0@sha256:b960508cede9547f5af3ade3d07ed79cbdb575ed128fcac1d7cff0a1162260ce
- completed:
    hackage: transformers-either-0.1.1@sha256:ec3d6fefd90e243b51aecebfc0ebc5db6381c261d473ea2df7ed7b501a8fb961,1501
    pantry-tree:
      size: 317
      sha256: a69c9cbc1d8340c63cc8a9bbd718e13a41869d30a7c84d27be94bbc04ad73a69
  original:
    hackage: transformers-either-0.1.1@sha256:ec3d6fefd90e243b51aecebfc0ebc5db6381c261d473ea2df7ed7b501a8fb961
- completed:
    hackage: hashable-1.2.7.0@sha256:03b6836ca9cd3ad0e5a2f3cce989b001dd0e05f306a873db3196037adb30e0a4,5215
    pantry-tree:
      size: 1514
      sha256: 901c4f10bcf6bda842b849950a2767c918f4ed59fa8885f7c945dd6c7e763332
  original:
    hackage: hashable-1.2.7.0@sha256:03b6836ca9cd3ad0e5a2f3cce989b001dd0e05f306a873db3196037adb30e0a4,5215
- completed:
    hackage: polysemy-plugin-0.2.5.0@sha256:67e30be568a141b852aace1a60e180cb5060fbb2835365a81a3ea779536d6d35,2952
    pantry-tree:
      size: 1232
      sha256: 5c90dac2eba48b4e337b302347c233ecaedb63e333641e094e718a548ac86711
  original:
    hackage: polysemy-plugin-0.2.5.0@sha256:67e30be568a141b852aace1a60e180cb5060fbb2835365a81a3ea779536d6d35,2952
snapshots:
- completed:
    size: 521183
    url: https://raw.githubusercontent.com/commercialhaskell/stackage-snapshots/master/nightly/2020/5/7.yaml
    sha256: c72b9c63b7faa8812cb6308a3d74652cf0e9b793ff197e972ee74ade774ec4eb
  original: nightly-2020-05-07
